{
    "name": "skingflow",
    "version": "1.0.0",
    "lockfileVersion": 3,
    "requires": true,
    "packages": {
        "": {
            "name": "skingflow",
            "version": "1.0.0",
            "license": "MIT",
            "dependencies": {
                "skingflow": "^1.0.0"
            }
        },
        "node_modules/skingflow": {
            "version": "1.0.0",
            "resolved": "https://registry.npmjs.org/skingflow/-/skingflow-1.0.0.tgz",
            "integrity": "sha512-4pQpMVCUXC8oFdnyVkxEfqBYlJd8TNsAQ0IVLTmo25kSzxRRYXl4GKgNjYyaOpuChyK1h0e8tUcw99kATMEXNw==",
            "license": "MIT"
        }
    }
}
